
Microsoft Visual Studio Solution File, Format Version 12.00
# Visual Studio Version 16
VisualStudioVersion = 16.0.30711.63
MinimumVisualStudioVersion = 10.0.40219.1
Project("{FAE04EC0-301F-11D3-BF4B-00C04F79EFBC}") = "LibraryExample.api", "LibraryExample.api.csproj", "{5513E766-35D1-40C4-875D-BF108A870BF7}"
EndProject
Global
	GlobalSection(SolutionConfigurationPlatforms) = preSolution
		Debug|Any CPU = Debug|Any CPU
		Release|Any CPU = Release|Any CPU
	EndGlobalSection
	GlobalSection(ProjectConfigurationPlatforms) = postSolution
		{5513E766-35D1-40C4-875D-BF108A870BF7}.Debug|Any CPU.ActiveCfg = Debug|Any CPU
		{5513E766-35D1-40C4-875D-BF108A870BF7}.Debug|Any CPU.Build.0 = Debug|Any CPU
		{5513E766-35D1-40C4-875D-BF108A870BF7}.Release|Any CPU.ActiveCfg = Release|Any CPU
		{5513E766-35D1-40C4-875D-BF108A870BF7}.Release|Any CPU.Build.0 = Release|Any CPU
	EndGlobalSection
	GlobalSection(SolutionProperties) = preSolution
		HideSolutionNode = FALSE
	EndGlobalSection
	GlobalSection(ExtensibilityGlobals) = postSolution
		SolutionGuid = {29496505-0A59-4CB8-9076-C28A83C0BA8C}
	EndGlobalSection
EndGlobal
